// !$*UTF8*$!
{
	archiveVersion = 1;
	classes = {
	};
	objectVersion = 56;
	objects = {

/* Begin PBXBuildFile section */
		087B2E075CC9B98D0BF046CD /* Pods_19_06_24_WebServicesUsingAlamofire.framework in Frameworks */ = {isa = PBXBuildFile; fileRef = 8C54022AE20A6146485CE123 /* Pods_19_06_24_WebServicesUsingAlamofire.framework */; };
		68439EB72C69D73B000BB61E /* AppDelegate.swift in Sources */ = {isa = PBXBuildFile; fileRef = 68439EB62C69D73B000BB61E /* AppDelegate.swift */; };
		68439EB92C69D73B000BB61E /* SceneDelegate.swift in Sources */ = {isa = PBXBuildFile; fileRef = 68439EB82C69D73B000BB61E /* SceneDelegate.swift */; };
		68439EBB2C69D73B000BB61E /* ViewController.swift in Sources */ = {isa = PBXBuildFile; fileRef = 68439EBA2C69D73B000BB61E /* ViewController.swift */; };
		68439EBE2C69D73B000BB61E /* Base in Resources */ = {isa = PBXBuildFile; fileRef = 68439EBD2C69D73B000BB61E /* Base */; };
		68439EC02C69D73D000BB61E /* Assets.xcassets in Resources */ = {isa = PBXBuildFile; fileRef = 68439EBF2C69D73D000BB61E /* Assets.xcassets */; };
		68439EC32C69D73D000BB61E /* Base in Resources */ = {isa = PBXBuildFile; fileRef = 68439EC22C69D73D000BB61E /* Base */; };
		68439ECB2C69D77B000BB61E /* BookApiResponse.swift in Sources */ = {isa = PBXBuildFile; fileRef = 68439ECA2C69D77B000BB61E /* BookApiResponse.swift */; };
		6857860B2C6B2728005CCA82 /* SecondViewController.swift in Sources */ = {isa = PBXBuildFile; fileRef = 6857860A2C6B2728005CCA82 /* SecondViewController.swift */; };
		68F49C692C69DA0300065C69 /* Constants.swift in Sources */ = {isa = PBXBuildFile; fileRef = 68F49C682C69DA0300065C69 /* Constants.swift */; };
		68F49C6B2C69E08600065C69 /* BookAPIResponse1.swift in Sources */ = {isa = PBXBuildFile; fileRef = 68F49C6A2C69E08600065C69 /* BookAPIResponse1.swift */; };
/* End PBXBuildFile section */

/* Begin PBXFileReference section */
		16DA74468302A404D9E37052 /* Pods-19_06_24_WebServicesUsingAlamofire.debug.xcconfig */ = {isa = PBXFileReference; includeInIndex = 1; lastKnownFileType = text.xcconfig; name = "Pods-19_06_24_WebServicesUsingAlamofire.debug.xcconfig"; path = "Target Support Files/Pods-19_06_24_WebServicesUsingAlamofire/Pods-19_06_24_WebServicesUsingAlamofire.debug.xcconfig"; sourceTree = "<group>"; };
		1E249B80D1E02B6F04291578 /* Pods-19_06_24_WebServicesUsingAlamofire.release.xcconfig */ = {isa = PBXFileReference; includeInIndex = 1; lastKnownFileType = text.xcconfig; name = "Pods-19_06_24_WebServicesUsingAlamofire.release.xcconfig"; path = "Target Support Files/Pods-19_06_24_WebServicesUsingAlamofire/Pods-19_06_24_WebServicesUsingAlamofire.release.xcconfig"; sourceTree = "<group>"; };
		68439EB32C69D73B000BB61E /* 19_06_24_WebServicesUsingAlamofire.app */ = {isa = PBXFileReference; explicitFileType = wrapper.application; includeInIndex = 0; path = 19_06_24_WebServicesUsingAlamofire.app; sourceTree = BUILT_PRODUCTS_DIR; };
		68439EB62C69D73B000BB61E /* AppDelegate.swift */ = {isa = PBXFileReference; lastKnownFileType = sourcecode.swift; path = AppDelegate.swift; sourceTree = "<group>"; };
		68439EB82C69D73B000BB61E /* SceneDelegate.swift */ = {isa = PBXFileReference; lastKnownFileType = sourcecode.swift; path = SceneDelegate.swift; sourceTree = "<group>"; };
		68439EBA2C69D73B000BB61E /* ViewController.swift */ = {isa = PBXFileReference; lastKnownFileType = sourcecode.swift; path = ViewController.swift; sourceTree = "<group>"; };
		68439EBD2C69D73B000BB61E /* Base */ = {isa = PBXFileReference; lastKnownFileType = file.storyboard; name = Base; path = Base.lproj/Main.storyboard; sourceTree = "<group>"; };
		68439EBF2C69D73D000BB61E /* Assets.xcassets */ = {isa = PBXFileReference; lastKnownFileType = folder.assetcatalog; path = Assets.xcassets; sourceTree = "<group>"; };
		68439EC22C69D73D000BB61E /* Base */ = {isa = PBXFileReference; lastKnownFileType = file.storyboard; name = Base; path = Base.lproj/LaunchScreen.storyboard; sourceTree = "<group>"; };
		68439EC42C69D73D000BB61E /* Info.plist */ = {isa = PBXFileReference; lastKnownFileType = text.plist.xml; path = Info.plist; sourceTree = "<group>"; };
		68439ECA2C69D77B000BB61E /* BookApiResponse.swift */ = {isa = PBXFileReference; lastKnownFileType = sourcecode.swift; path = BookApiResponse.swift; sourceTree = "<group>"; };
		6857860A2C6B2728005CCA82 /* SecondViewController.swift */ = {isa = PBXFileReference; lastKnownFileType = sourcecode.swift; path = SecondViewController.swift; sourceTree = "<group>"; };
		68F49C682C69DA0300065C69 /* Constants.swift */ = {isa = PBXFileReference; lastKnownFileType = sourcecode.swift; path = Constants.swift; sourceTree = "<group>"; };
		68F49C6A2C69E08600065C69 /* BookAPIResponse1.swift */ = {isa = PBXFileReference; lastKnownFileType = sourcecode.swift; path = BookAPIResponse1.swift; sourceTree = "<group>"; };
		8C54022AE20A6146485CE123 /* Pods_19_06_24_WebServicesUsingAlamofire.framework */ = {isa = PBXFileReference; explicitFileType = wrapper.framework; includeInIndex = 0; path = Pods_19_06_24_WebServicesUsingAlamofire.framework; sourceTree = BUILT_PRODUCTS_DIR; };
/* End PBXFileReference section */

/* Begin PBXFrameworksBuildPhase section */
		68439EB02C69D73B000BB61E /* Frameworks */ = {
			isa = PBXFrameworksBuildPhase;
			buildActionMask = 2147483647;
			files = (
				087B2E075CC9B98D0BF046CD /* Pods_19_06_24_WebServicesUsingAlamofire.framework in Frameworks */,
			);
			runOnlyForDeploymentPostprocessing = 0;
		};
/* End PBXFrameworksBuildPhase section */

/* Begin PBXGroup section */
		3FADF97476B29B5D4D5073A1 /* Frameworks */ = {
			isa = PBXGroup;
			children = (
				8C54022AE20A6146485CE123 /* Pods_19_06_24_WebServicesUsingAlamofire.framework */,
			);
			name = Frameworks;
			sourceTree = "<group>";
		};
		68439EAA2C69D73B000BB61E = {
			isa = PBXGroup;
			children = (
				68439EB52C69D73B000BB61E /* 19_06_24_WebServicesUsingAlamofire */,
				68439EB42C69D73B000BB61E /* Products */,
				8F951A70ABDF6D5BA3241B56 /* Pods */,
				3FADF97476B29B5D4D5073A1 /* Frameworks */,
			);
			sourceTree = "<group>";
		};
		68439EB42C69D73B000BB61E /* Products */ = {
			isa = PBXGroup;
			children = (
				68439EB32C69D73B000BB61E /* 19_06_24_WebServicesUsingAlamofire.app */,
			);
			name = Products;
			sourceTree = "<group>";
		};
		68439EB52C69D73B000BB61E /* 19_06_24_WebServicesUsingAlamofire */ = {
			isa = PBXGroup;
			children = (
				68439EB62C69D73B000BB61E /* AppDelegate.swift */,
				68439EB82C69D73B000BB61E /* SceneDelegate.swift */,
				68439EBA2C69D73B000BB61E /* ViewController.swift */,
				68439EBC2C69D73B000BB61E /* Main.storyboard */,
				68439EBF2C69D73D000BB61E /* Assets.xcassets */,
				68439EC12C69D73D000BB61E /* LaunchScreen.storyboard */,
				68439EC42C69D73D000BB61E /* Info.plist */,
				68439ECA2C69D77B000BB61E /* BookApiResponse.swift */,
				68F49C682C69DA0300065C69 /* Constants.swift */,
				68F49C6A2C69E08600065C69 /* BookAPIResponse1.swift */,
				6857860A2C6B2728005CCA82 /* SecondViewController.swift */,
			);
			path = 19_06_24_WebServicesUsingAlamofire;
			sourceTree = "<group>";
		};
		8F951A70ABDF6D5BA3241B56 /* Pods */ = {
			isa = PBXGroup;
			children = (
				16DA74468302A404D9E37052 /* Pods-19_06_24_WebServicesUsingAlamofire.debug.xcconfig */,
				1E249B80D1E02B6F04291578 /* Pods-19_06_24_WebServicesUsingAlamofire.release.xcconfig */,
			);
			path = Pods;
			sourceTree = "<group>";
		};
/* End PBXGroup section */

/* Begin PBXNativeTarget section */
		68439EB22C69D73B000BB61E /* 19_06_24_WebServicesUsingAlamofire */ = {
			isa = PBXNativeTarget;
			buildConfigurationList = 68439EC72C69D73D000BB61E /* Build configuration list for PBXNativeTarget "19_06_24_WebServicesUsingAlamofire" */;
			buildPhases = (
				3A51C9192D9AD473BBB11D73 /* [CP] Check Pods Manifest.lock */,
				68439EAF2C69D73B000BB61E /* Sources */,
				68439EB02C69D73B000BB61E /* Frameworks */,
				68439EB12C69D73B000BB61E /* Resources */,
				887D7673259CE42DFBEC72C0 /* [CP] Embed Pods Frameworks */,
			);
			buildRules = (
			);
			dependencies = (
			);
			name = 19_06_24_WebServicesUsingAlamofire;
			productName = 19_06_24_WebServicesUsingAlamofire;
			productReference = 68439EB32C69D73B000BB61E /* 19_06_24_WebServicesUsingAlamofire.app */;
			productType = "com.apple.product-type.application";
		};
/* End PBXNativeTarget section */

/* Begin PBXProject section */
		68439EAB2C69D73B000BB61E /* Project object */ = {
			isa = PBXProject;
			attributes = {
				BuildIndependentTargetsInParallel = 1;
				LastSwiftUpdateCheck = 1540;
				LastUpgradeCheck = 1540;
				TargetAttributes = {
					68439EB22C69D73B000BB61E = {
						CreatedOnToolsVersion = 15.4;
					};
				};
			};
			buildConfigurationList = 68439EAE2C69D73B000BB61E /* Build configuration list for PBXProject "19_06_24_WebServicesUsingAlamofire" */;
			compatibilityVersion = "Xcode 14.0";
			developmentRegion = en;
			hasScannedForEncodings = 0;
			knownRegions = (
				en,
				Base,
			);
			mainGroup = 68439EAA2C69D73B000BB61E;
			productRefGroup = 68439EB42C69D73B000BB61E /* Products */;
			projectDirPath = "";
			projectRoot = "";
			targets = (
				68439EB22C69D73B000BB61E /* 19_06_24_WebServicesUsingAlamofire */,
			);
		};
/* End PBXProject section */

/* Begin PBXResourcesBuildPhase section */
		68439EB12C69D73B000BB61E /* Resources */ = {
			isa = PBXResourcesBuildPhase;
			buildActionMask = 2147483647;
			files = (
				68439EC02C69D73D000BB61E /* Assets.xcassets in Resources */,
				68439EC32C69D73D000BB61E /* Base in Resources */,
				68439EBE2C69D73B000BB61E /* Base in Resources */,
			);
			runOnlyForDeploymentPostprocessing = 0;
		};
/* End PBXResourcesBuildPhase section */

/* Begin PBXShellScriptBuildPhase section */
		3A51C9192D9AD473BBB11D73 /* [CP] Check Pods Manifest.lock */ = {
			isa = PBXShellScriptBuildPhase;
			buildActionMask = 2147483647;
			files = (
			);
			inputFileListPaths = (
			);
			inputPaths = (
				"${PODS_PODFILE_DIR_PATH}/Podfile.lock",
				"${PODS_ROOT}/Manifest.lock",
			);
			name = "[CP] Check Pods Manifest.lock";
			outputFileListPaths = (
			);
			outputPaths = (
				"$(DERIVED_FILE_DIR)/Pods-19_06_24_WebServicesUsingAlamofire-checkManifestLockResult.txt",
			);
			runOnlyForDeploymentPostprocessing = 0;
			shellPath = /bin/sh;
			shellScript = "diff \"${PODS_PODFILE_DIR_PATH}/Podfile.lock\" \"${PODS_ROOT}/Manifest.lock\" > /dev/null\nif [ $? != 0 ] ; then\n    # print error to STDERR\n    echo \"error: The sandbox is not in sync with the Podfile.lock. Run 'pod install' or update your CocoaPods installation.\" >&2\n    exit 1\nfi\n# This output is used by Xcode 'outputs' to avoid re-running this script phase.\necho \"SUCCESS\" > \"${SCRIPT_OUTPUT_FILE_0}\"\n";
			showEnvVarsInLog = 0;
		};
		887D7673259CE42DFBEC72C0 /* [CP] Embed Pods Frameworks */ = {
			isa = PBXShellScriptBuildPhase;
			buildActionMask = 2147483647;
			files = (
			);
			inputFileListPaths = (
				"${PODS_ROOT}/Target Support Files/Pods-19_06_24_WebServicesUsingAlamofire/Pods-19_06_24_WebServicesUsingAlamofire-frameworks-${CONFIGURATION}-input-files.xcfilelist",
			);
			name = "[CP] Embed Pods Frameworks";
			outputFileListPaths = (
				"${PODS_ROOT}/Target Support Files/Pods-19_06_24_WebServicesUsingAlamofire/Pods-19_06_24_WebServicesUsingAlamofire-frameworks-${CONFIGURATION}-output-files.xcfilelist",
			);
			runOnlyForDeploymentPostprocessing = 0;
			shellPath = /bin/sh;
			shellScript = "\"${PODS_ROOT}/Target Support Files/Pods-19_06_24_WebServicesUsingAlamofire/Pods-19_06_24_WebServicesUsingAlamofire-frameworks.sh\"\n";
			showEnvVarsInLog = 0;
		};
/* End PBXShellScriptBuildPhase section */

/* Begin PBXSourcesBuildPhase section */
		68439EAF2C69D73B000BB61E /* Sources */ = {
			isa = PBXSourcesBuildPhase;
			buildActionMask = 2147483647;
			files = (
				68F49C692C69DA0300065C69 /* Constants.swift in Sources */,
				68439ECB2C69D77B000BB61E /* BookApiResponse.swift in Sources */,
				68F49C6B2C69E08600065C69 /* BookAPIResponse1.swift in Sources */,
				68439EBB2C69D73B000BB61E /* ViewController.swift in Sources */,
				6857860B2C6B2728005CCA82 /* SecondViewController.swift in Sources */,
				68439EB72C69D73B000BB61E /* AppDelegate.swift in Sources */,
				68439EB92C69D73B000BB61E /* SceneDelegate.swift in Sources */,
			);
			runOnlyForDeploymentPostprocessing = 0;
		};
/* End PBXSourcesBuildPhase section */

/* Begin PBXVariantGroup section */
		68439EBC2C69D73B000BB61E /* Main.storyboard */ = {
			isa = PBXVariantGroup;
			children = (
				68439EBD2C69D73B000BB61E /* Base */,
			);
			name = Main.storyboard;
			sourceTree = "<group>";
		};
		68439EC12C69D73D000BB61E /* LaunchScreen.storyboard */ = {
			isa = PBXVariantGroup;
			children = (
				68439EC22C69D73D000BB61E /* Base */,
			);
			name = LaunchScreen.storyboard;
			sourceTree = "<group>";
		};
/* End PBXVariantGroup section */

/* Begin XCBuildConfiguration section */
		68439EC52C69D73D000BB61E /* Debug */ = {
			isa = XCBuildConfiguration;
			buildSettings = {
				ALWAYS_SEARCH_USER_PATHS = NO;
				ASSETCATALOG_COMPILER_GENERATE_SWIFT_ASSET_SYMBOL_EXTENSIONS = YES;
				CLANG_ANALYZER_NONNULL = YES;
				CLANG_ANALYZER_NUMBER_OBJECT_CONVERSION = YES_AGGRESSIVE;
				CLANG_CXX_LANGUAGE_STANDARD = "gnu++20";
				CLANG_ENABLE_MODULES = YES;
				CLANG_ENABLE_OBJC_ARC = YES;
				CLANG_ENABLE_OBJC_WEAK = YES;
				CLANG_WARN_BLOCK_CAPTURE_AUTORELEASING = YES;
				CLANG_WARN_BOOL_CONVERSION = YES;
				CLANG_WARN_COMMA = YES;
				CLANG_WARN_CONSTANT_CONVERSION = YES;
				CLANG_WARN_DEPRECATED_OBJC_IMPLEMENTATIONS = YES;
				CLANG_WARN_DIRECT_OBJC_ISA_USAGE = YES_ERROR;
				CLANG_WARN_DOCUMENTATION_COMMENTS = YES;
				CLANG_WARN_EMPTY_BODY = YES;
				CLANG_WARN_ENUM_CONVERSION = YES;
				CLANG_WARN_INFINITE_RECURSION = YES;
				CLANG_WARN_INT_CONVERSION = YES;
				CLANG_WARN_NON_LITERAL_NULL_CONVERSION = YES;
				CLANG_WARN_OBJC_IMPLICIT_RETAIN_SELF = YES;
				CLANG_WARN_OBJC_LITERAL_CONVERSION = YES;
				CLANG_WARN_OBJC_ROOT_CLASS = YES_ERROR;
				CLANG_WARN_QUOTED_INCLUDE_IN_FRAMEWORK_HEADER = YES;
				CLANG_WARN_RANGE_LOOP_ANALYSIS = YES;
				CLANG_WARN_STRICT_PROTOTYPES = YES;
				CLANG_WARN_SUSPICIOUS_MOVE = YES;
				CLANG_WARN_UNGUARDED_AVAILABILITY = YES_AGGRESSIVE;
				CLANG_WARN_UNREACHABLE_CODE = YES;
				CLANG_WARN__DUPLICATE_METHOD_MATCH = YES;
				COPY_PHASE_STRIP = NO;
				DEBUG_INFORMATION_FORMAT = dwarf;
				ENABLE_STRICT_OBJC_MSGSEND = YES;
				ENABLE_TESTABILITY = YES;
				ENABLE_USER_SCRIPT_SANDBOXING = NO;
				GCC_C_LANGUAGE_STANDARD = gnu17;
				GCC_DYNAMIC_NO_PIC = NO;
				GCC_NO_COMMON_BLOCKS = YES;
				GCC_OPTIMIZATION_LEVEL = 0;
				GCC_PREPROCESSOR_DEFINITIONS = (
					"DEBUG=1",
					"$(inherited)",
				);
				GCC_WARN_64_TO_32_BIT_CONVERSION = YES;
				GCC_WARN_ABOUT_RETURN_TYPE = YES_ERROR;
				GCC_WARN_UNDECLARED_SELECTOR = YES;
				GCC_WARN_UNINITIALIZED_AUTOS = YES_AGGRESSIVE;
				GCC_WARN_UNUSED_FUNCTION = YES;
				GCC_WARN_UNUSED_VARIABLE = YES;
				IPHONEOS_DEPLOYMENT_TARGET = 17.5;
				LOCALIZATION_PREFERS_STRING_CATALOGS = YES;
				MTL_ENABLE_DEBUG_INFO = INCLUDE_SOURCE;
				MTL_FAST_MATH = YES;
				ONLY_ACTIVE_ARCH = YES;
				SDKROOT = iphoneos;
				SWIFT_ACTIVE_COMPILATION_CONDITIONS = "DEBUG $(inherited)";
				SWIFT_OPTIMIZATION_LEVEL = "-Onone";
			};
			name = Debug;
		};
		68439EC62C69D73D000BB61E /* Release */ = {
			isa = XCBuildConfiguration;
			buildSettings = {
				ALWAYS_SEARCH_USER_PATHS = NO;
				ASSETCATALOG_COMPILER_GENERATE_SWIFT_ASSET_SYMBOL_EXTENSIONS = YES;
				CLANG_ANALYZER_NONNULL = YES;
				CLANG_ANALYZER_NUMBER_OBJECT_CONVERSION = YES_AGGRESSIVE;
				CLANG_CXX_LANGUAGE_STANDARD = "gnu++20";
				CLANG_ENABLE_MODULES = YES;
				CLANG_ENABLE_OBJC_ARC = YES;
				CLANG_ENABLE_OBJC_WEAK = YES;
				CLANG_WARN_BLOCK_CAPTURE_AUTORELEASING = YES;
				CLANG_WARN_BOOL_CONVERSION = YES;
				CLANG_WARN_COMMA = YES;
				CLANG_WARN_CONSTANT_CONVERSION = YES;
				CLANG_WARN_DEPRECATED_OBJC_IMPLEMENTATIONS = YES;
				CLANG_WARN_DIRECT_OBJC_ISA_USAGE = YES_ERROR;
				CLANG_WARN_DOCUMENTATION_COMMENTS = YES;
				CLANG_WARN_EMPTY_BODY = YES;
				CLANG_WARN_ENUM_CONVERSION = YES;
				CLANG_WARN_INFINITE_RECURSION = YES;
				CLANG_WARN_INT_CONVERSION = YES;
				CLANG_WARN_NON_LITERAL_NULL_CONVERSION = YES;
				CLANG_WARN_OBJC_IMPLICIT_RETAIN_SELF = YES;
				CLANG_WARN_OBJC_LITERAL_CONVERSION = YES;
				CLANG_WARN_OBJC_ROOT_CLASS = YES_ERROR;
				CLANG_WARN_QUOTED_INCLUDE_IN_FRAMEWORK_HEADER = YES;
				CLANG_WARN_RANGE_LOOP_ANALYSIS = YES;
				CLANG_WARN_STRICT_PROTOTYPES = YES;
				CLANG_WARN_SUSPICIOUS_MOVE = YES;
				CLANG_WARN_UNGUARDED_AVAILABILITY = YES_AGGRESSIVE;
				CLANG_WARN_UNREACHABLE_CODE = YES;
				CLANG_WARN__DUPLICATE_METHOD_MATCH = YES;
				COPY_PHASE_STRIP = NO;
				DEBUG_INFORMATION_FORMAT = "dwarf-with-dsym";
				ENABLE_NS_ASSERTIONS = NO;
				ENABLE_STRICT_OBJC_MSGSEND = YES;
				ENABLE_USER_SCRIPT_SANDBOXING = NO;
				GCC_C_LANGUAGE_STANDARD = gnu17;
				GCC_NO_COMMON_BLOCKS = YES;
				GCC_WARN_64_TO_32_BIT_CONVERSION = YES;
				GCC_WARN_ABOUT_RETURN_TYPE = YES_ERROR;
				GCC_WARN_UNDECLARED_SELECTOR = YES;
				GCC_WARN_UNINITIALIZED_AUTOS = YES_AGGRESSIVE;
				GCC_WARN_UNUSED_FUNCTION = YES;
				GCC_WARN_UNUSED_VARIABLE = YES;
				IPHONEOS_DEPLOYMENT_TARGET = 17.5;
				LOCALIZATION_PREFERS_STRING_CATALOGS = YES;
				MTL_ENABLE_DEBUG_INFO = NO;
				MTL_FAST_MATH = YES;
				SDKROOT = iphoneos;
				SWIFT_COMPILATION_MODE = wholemodule;
				VALIDATE_PRODUCT = YES;
			};
			name = Release;
		};
		68439EC82C69D73D000BB61E /* Debug */ = {
			isa = XCBuildConfiguration;
			baseConfigurationReference = 16DA74468302A404D9E37052 /* Pods-19_06_24_WebServicesUsingAlamofire.debug.xcconfig */;
			buildSettings = {
				ASSETCATALOG_COMPILER_APPICON_NAME = AppIcon;
				ASSETCATALOG_COMPILER_GLOBAL_ACCENT_COLOR_NAME = AccentColor;
				CODE_SIGN_STYLE = Automatic;
				CURRENT_PROJECT_VERSION = 1;
				DEVELOPMENT_TEAM = W669X37752;
				GENERATE_INFOPLIST_FILE = YES;
				INFOPLIST_FILE = 19_06_24_WebServicesUsingAlamofire/Info.plist;
				INFOPLIST_KEY_UIApplicationSupportsIndirectInputEvents = YES;
				INFOPLIST_KEY_UILaunchStoryboardName = LaunchScreen;
				INFOPLIST_KEY_UIMainStoryboardFile = Main;
				INFOPLIST_KEY_UISupportedInterfaceOrientations_iPad = "UIInterfaceOrientationPortrait UIInterfaceOrientationPortraitUpsideDown UIInterfaceOrientationLandscapeLeft UIInterfaceOrientationLandscapeRight";
				INFOPLIST_KEY_UISupportedInterfaceOrientations_iPhone = "UIInterfaceOrientationPortrait UIInterfaceOrientationLandscapeLeft UIInterfaceOrientationLandscapeRight";
				LD_RUNPATH_SEARCH_PATHS = (
					"$(inherited)",
					"@executable_path/Frameworks",
				);
				MARKETING_VERSION = 1.0;
				PRODUCT_BUNDLE_IDENTIFIER = "in.bitcode.-9-06-24-WebServicesUsingAlamofire";
				PRODUCT_NAME = "$(TARGET_NAME)";
				SWIFT_EMIT_LOC_STRINGS = YES;
				SWIFT_VERSION = 5.0;
				TARGETED_DEVICE_FAMILY = "1,2";
			};
			name = Debug;
		};
		68439EC92C69D73D000BB61E /* Release */ = {
			isa = XCBuildConfiguration;
			baseConfigurationReference = 1E249B80D1E02B6F04291578 /* Pods-19_06_24_WebServicesUsingAlamofire.release.xcconfig */;
			buildSettings = {
				ASSETCATALOG_COMPILER_APPICON_NAME = AppIcon;
				ASSETCATALOG_COMPILER_GLOBAL_ACCENT_COLOR_NAME = AccentColor;
				CODE_SIGN_STYLE = Automatic;
				CURRENT_PROJECT_VERSION = 1;
				DEVELOPMENT_TEAM = W669X37752;
				GENERATE_INFOPLIST_FILE = YES;
				INFOPLIST_FILE = 19_06_24_WebServicesUsingAlamofire/Info.plist;
				INFOPLIST_KEY_UIApplicationSupportsIndirectInputEvents = YES;
				INFOPLIST_KEY_UILaunchStoryboardName = LaunchScreen;
				INFOPLIST_KEY_UIMainStoryboardFile = Main;
				INFOPLIST_KEY_UISupportedInterfaceOrientations_iPad = "UIInterfaceOrientationPortrait UIInterfaceOrientationPortraitUpsideDown UIInterfaceOrientationLandscapeLeft UIInterfaceOrientationLandscapeRight";
				INFOPLIST_KEY_UISupportedInterfaceOrientations_iPhone = "UIInterfaceOrientationPortrait UIInterfaceOrientationLandscapeLeft UIInterfaceOrientationLandscapeRight";
				LD_RUNPATH_SEARCH_PATHS = (
					"$(inherited)",
					"@executable_path/Frameworks",
				);
				MARKETING_VERSION = 1.0;
				PRODUCT_BUNDLE_IDENTIFIER = "in.bitcode.-9-06-24-WebServicesUsingAlamofire";
				PRODUCT_NAME = "$(TARGET_NAME)";
				SWIFT_EMIT_LOC_STRINGS = YES;
				SWIFT_VERSION = 5.0;
				TARGETED_DEVICE_FAMILY = "1,2";
			};
			name = Release;
		};
/* End XCBuildConfiguration section */

/* Begin XCConfigurationList section */
		68439EAE2C69D73B000BB61E /* Build configuration list for PBXProject "19_06_24_WebServicesUsingAlamofire" */ = {
			isa = XCConfigurationList;
			buildConfigurations = (
				68439EC52C69D73D000BB61E /* Debug */,
				68439EC62C69D73D000BB61E /* Release */,
			);
			defaultConfigurationIsVisible = 0;
			defaultConfigurationName = Release;
		};
		68439EC72C69D73D000BB61E /* Build configuration list for PBXNativeTarget "19_06_24_WebServicesUsingAlamofire" */ = {
			isa = XCConfigurationList;
			buildConfigurations = (
				68439EC82C69D73D000BB61E /* Debug */,
				68439EC92C69D73D000BB61E /* Release */,
			);
			defaultConfigurationIsVisible = 0;
			defaultConfigurationName = Release;
		};
/* End XCConfigurationList section */
	};
	rootObject = 68439EAB2C69D73B000BB61E /* Project object */;
}
